// !$*UTF8*$!
{
	archiveVersion = 1;
	classes = {
	};
	objectVersion = 56;
	objects = {

/* Begin PBXAggregateTarget section */
		6636249C296FE50B00994ABC /* UniversalLib */ = {
			isa = PBXAggregateTarget;
			buildConfigurationList = 6636249D296FE50B00994ABC /* Build configuration list for PBXAggregateTarget "UniversalLib" */;
			buildPhases = (
				663624A0296FE51B00994ABC /* ShellScript */,
			);
			dependencies = (
			);
			name = UniversalLib;
			productName = UniversalLib;
		};
/* End PBXAggregateTarget section */

/* Begin PBXBuildFile section */
		66362449296FB1B100994ABC /* HelloWorld.swift in Sources */ = {isa = PBXBuildFile; fileRef = 66362448296FB1B100994ABC /* HelloWorld.swift */; };
		66362450296FB1D100994ABC /* Logger.swift in Sources */ = {isa = PBXBuildFile; fileRef = 6636244F296FB1D100994ABC /* Logger.swift */; };
/* End PBXBuildFile section */

/* Begin PBXCopyFilesBuildPhase section */
		66362443296FB1B100994ABC /* CopyFiles */ = {
			isa = PBXCopyFilesBuildPhase;
			buildActionMask = 2147483647;
			dstPath = "include/$(PRODUCT_NAME)";
			dstSubfolderSpec = 16;
			files = (
			);
			runOnlyForDeploymentPostprocessing = 0;
		};
/* End PBXCopyFilesBuildPhase section */

/* Begin PBXFileReference section */
		66362445296FB1B100994ABC /* libHelloWorld.a */ = {isa = PBXFileReference; explicitFileType = archive.ar; includeInIndex = 0; path = libHelloWorld.a; sourceTree = BUILT_PRODUCTS_DIR; };
		66362448296FB1B100994ABC /* HelloWorld.swift */ = {isa = PBXFileReference; lastKnownFileType = sourcecode.swift; path = HelloWorld.swift; sourceTree = "<group>"; };
		6636244F296FB1D100994ABC /* Logger.swift */ = {isa = PBXFileReference; lastKnownFileType = sourcecode.swift; path = Logger.swift; sourceTree = "<group>"; };
/* End PBXFileReference section */

/* Begin PBXFrameworksBuildPhase section */
		66362442296FB1B100994ABC /* Frameworks */ = {
			isa = PBXFrameworksBuildPhase;
			buildActionMask = 2147483647;
			files = (
			);
			runOnlyForDeploymentPostprocessing = 0;
		};
/* End PBXFrameworksBuildPhase section */

/* Begin PBXGroup section */
		6636243C296FB1B100994ABC = {
			isa = PBXGroup;
			children = (
				66362447296FB1B100994ABC /* HelloWorld */,
				66362446296FB1B100994ABC /* Products */,
			);
			sourceTree = "<group>";
		};
		66362446296FB1B100994ABC /* Products */ = {
			isa = PBXGroup;
			children = (
				66362445296FB1B100994ABC /* libHelloWorld.a */,
			);
			name = Products;
			sourceTree = "<group>";
		};
		66362447296FB1B100994ABC /* HelloWorld */ = {
			isa = PBXGroup;
			children = (
				66362448296FB1B100994ABC /* HelloWorld.swift */,
				6636244F296FB1D100994ABC /* Logger.swift */,
			);
			path = HelloWorld;
			sourceTree = "<group>";
		};
/* End PBXGroup section */

/* Begin PBXNativeTarget section */
		66362444296FB1B100994ABC /* HelloWorld */ = {
			isa = PBXNativeTarget;
			buildConfigurationList = 6636244C296FB1B100994ABC /* Build configuration list for PBXNativeTarget "HelloWorld" */;
			buildPhases = (
				66362441296FB1B100994ABC /* Sources */,
				66362442296FB1B100994ABC /* Frameworks */,
				66362443296FB1B100994ABC /* CopyFiles */,
			);
			buildRules = (
			);
			dependencies = (
			);
			name = HelloWorld;
			productName = HelloWorld;
			productReference = 66362445296FB1B100994ABC /* libHelloWorld.a */;
			productType = "com.apple.product-type.library.static";
		};
/* End PBXNativeTarget section */

/* Begin PBXProject section */
		6636243D296FB1B100994ABC /* Project object */ = {
			isa = PBXProject;
			attributes = {
				BuildIndependentTargetsInParallel = 1;
				LastSwiftUpdateCheck = 1410;
				LastUpgradeCheck = 1410;
				TargetAttributes = {
					66362444296FB1B100994ABC = {
						CreatedOnToolsVersion = 14.1;
					};
					6636249C296FE50B00994ABC = {
						CreatedOnToolsVersion = 14.1;
					};
				};
			};
			buildConfigurationList = 66362440296FB1B100994ABC /* Build configuration list for PBXProject "HelloWorld" */;
			compatibilityVersion = "Xcode 14.0";
			developmentRegion = en;
			hasScannedForEncodings = 0;
			knownRegions = (
				en,
				Base,
			);
			mainGroup = 6636243C296FB1B100994ABC;
			productRefGroup = 66362446296FB1B100994ABC /* Products */;
			projectDirPath = "";
			projectRoot = "";
			targets = (
				66362444296FB1B100994ABC /* HelloWorld */,
				6636249C296FE50B00994ABC /* UniversalLib */,
			);
		};
/* End PBXProject section */

/* Begin PBXShellScriptBuildPhase section */
		663624A0296FE51B00994ABC /* ShellScript */ = {
			isa = PBXShellScriptBuildPhase;
			buildActionMask = 2147483647;
			files = (
			);
			inputFileListPaths = (
			);
			inputPaths = (
			);
			outputFileListPaths = (
			);
			outputPaths = (
			);
			runOnlyForDeploymentPostprocessing = 0;
			shellPath = /bin/sh;
			shellScript = "# Created by: Rostyslav Druzhchenko\n#\n\n# 1: Declare variables\nRESULT_DIR=\"libUniversal\"\n\nBUILD_DIR_SIMULATOR=\"Debug-iphonesimulator\"\nBUILD_DIR_DEVICE=\"Debug-iphoneos\"\n\nLIB_NAME=\"HelloWorld\"\nLIB_BINARY_NAME=\"lib$LIB_NAME.a\"\nLIB_BINARY_NAME_SIMULATOR=\"lib$LIB_NAME-simulator.a\"\nLIB_BINARY_NAME_DEVICE=\"lib$LIB_NAME-device.a\"\n\nSWIFTMODULE_DIR=$LIB_NAME\".swiftmodule\"\n\n# 2: BUILD\n#\n# Build for simulator\nxcodebuild -target $LIB_NAME -configuration ${CONFIGURATION} -sdk iphonesimulator -arch x86_64 BUILD_DIR=\"${BUILD_DIR}\" BUILD_ROOT=\"${BUILD_ROOT}\"\n\n# Build for device\nxcodebuild -target $LIB_NAME ONLY_ACTIVE_ARCH=NO -configuration ${CONFIGURATION} -sdk iphoneos  BUILD_DIR=\"${BUILD_DIR}\" BUILD_ROOT=\"${BUILD_ROOT}\"\n\n# 3: OPERATE THE BINARIES\n#\n# Move to the build directory\ncd $BUILD_DIR\n\n# Completely delete the result of the previous build if any\n# Suppress the error to avoid unnecessary logs\nrm -rf $BUILD_DIR/$RESULT_DIR 2> /dev/null\n\n# Create a new result directory\nmkdir $RESULT_DIR\n\n# Copy simulator's binary file to the result dir and rename it\ncp ./$BUILD_DIR_SIMULATOR/$LIB_BINARY_NAME ./$RESULT_DIR/$LIB_BINARY_NAME_SIMULATOR\n\n# Copy devices's binary file to the result dir and rename it\ncp ./$BUILD_DIR_DEVICE/$LIB_BINARY_NAME ./$RESULT_DIR/$LIB_BINARY_NAME_DEVICE\n\n# Make the library \"fat\", means \"universal\"\nlipo -create ./$RESULT_DIR/$LIB_BINARY_NAME_SIMULATOR ./$RESULT_DIR/$LIB_BINARY_NAME_DEVICE -output ./$RESULT_DIR/$LIB_BINARY_NAME\n\n# Delete simulator's binary file\nrm ./$RESULT_DIR/$LIB_BINARY_NAME_SIMULATOR\n\n# Delete device's binary file\nrm ./$RESULT_DIR/$LIB_BINARY_NAME_DEVICE\n\n# 4: OPERATE SIWFTMODULE\n#\n# Create \".siwftmodule\" directory in the result directory\nmkdir $RESULT_DIR/$SWIFTMODULE_DIR\n\n# Copy 'swiftmodule' related to simulator\ncp -r $BUILD_DIR_SIMULATOR/$SWIFTMODULE_DIR $RESULT_DIR\n\n# Copy 'swiftmodule' related to mobile divice\ncp -r $BUILD_DIR_DEVICE/$SWIFTMODULE_DIR/* $RESULT_DIR/$SWIFTMODULE_DIR\n\n# Delete build directory\nrm -rf $PROJECT_DIR/build\n";
		};
/* End PBXShellScriptBuildPhase section */

/* Begin PBXSourcesBuildPhase section */
		66362441296FB1B100994ABC /* Sources */ = {
			isa = PBXSourcesBuildPhase;
			buildActionMask = 2147483647;
			files = (
				66362449296FB1B100994ABC /* HelloWorld.swift in Sources */,
				66362450296FB1D100994ABC /* Logger.swift in Sources */,
			);
			runOnlyForDeploymentPostprocessing = 0;
		};
/* End PBXSourcesBuildPhase section */

/* Begin XCBuildConfiguration section */
		6636244A296FB1B100994ABC /* Debug */ = {
			isa = XCBuildConfiguration;
			buildSettings = {
				ALWAYS_SEARCH_USER_PATHS = NO;
				CLANG_ANALYZER_NONNULL = YES;
				CLANG_ANALYZER_NUMBER_OBJECT_CONVERSION = YES_AGGRESSIVE;
				CLANG_CXX_LANGUAGE_STANDARD = "gnu++20";
				CLANG_ENABLE_MODULES = YES;
				CLANG_ENABLE_OBJC_ARC = YES;
				CLANG_ENABLE_OBJC_WEAK = YES;
				CLANG_WARN_BLOCK_CAPTURE_AUTORELEASING = YES;
				CLANG_WARN_BOOL_CONVERSION = YES;
				CLANG_WARN_COMMA = YES;
				CLANG_WARN_CONSTANT_CONVERSION = YES;
				CLANG_WARN_DEPRECATED_OBJC_IMPLEMENTATIONS = YES;
				CLANG_WARN_DIRECT_OBJC_ISA_USAGE = YES_ERROR;
				CLANG_WARN_DOCUMENTATION_COMMENTS = YES;
				CLANG_WARN_EMPTY_BODY = YES;
				CLANG_WARN_ENUM_CONVERSION = YES;
				CLANG_WARN_INFINITE_RECURSION = YES;
				CLANG_WARN_INT_CONVERSION = YES;
				CLANG_WARN_NON_LITERAL_NULL_CONVERSION = YES;
				CLANG_WARN_OBJC_IMPLICIT_RETAIN_SELF = YES;
				CLANG_WARN_OBJC_LITERAL_CONVERSION = YES;
				CLANG_WARN_OBJC_ROOT_CLASS = YES_ERROR;
				CLANG_WARN_QUOTED_INCLUDE_IN_FRAMEWORK_HEADER = YES;
				CLANG_WARN_RANGE_LOOP_ANALYSIS = YES;
				CLANG_WARN_STRICT_PROTOTYPES = YES;
				CLANG_WARN_SUSPICIOUS_MOVE = YES;
				CLANG_WARN_UNGUARDED_AVAILABILITY = YES_AGGRESSIVE;
				CLANG_WARN_UNREACHABLE_CODE = YES;
				CLANG_WARN__DUPLICATE_METHOD_MATCH = YES;
				COPY_PHASE_STRIP = NO;
				DEBUG_INFORMATION_FORMAT = dwarf;
				ENABLE_STRICT_OBJC_MSGSEND = YES;
				ENABLE_TESTABILITY = YES;
				GCC_C_LANGUAGE_STANDARD = gnu11;
				GCC_DYNAMIC_NO_PIC = NO;
				GCC_NO_COMMON_BLOCKS = YES;
				GCC_OPTIMIZATION_LEVEL = 0;
				GCC_PREPROCESSOR_DEFINITIONS = (
					"DEBUG=1",
					"$(inherited)",
				);
				GCC_WARN_64_TO_32_BIT_CONVERSION = YES;
				GCC_WARN_ABOUT_RETURN_TYPE = YES_ERROR;
				GCC_WARN_UNDECLARED_SELECTOR = YES;
				GCC_WARN_UNINITIALIZED_AUTOS = YES_AGGRESSIVE;
				GCC_WARN_UNUSED_FUNCTION = YES;
				GCC_WARN_UNUSED_VARIABLE = YES;
				IPHONEOS_DEPLOYMENT_TARGET = 13.0;
				MTL_ENABLE_DEBUG_INFO = INCLUDE_SOURCE;
				MTL_FAST_MATH = YES;
				ONLY_ACTIVE_ARCH = YES;
				SDKROOT = iphoneos;
				SWIFT_ACTIVE_COMPILATION_CONDITIONS = DEBUG;
				SWIFT_OPTIMIZATION_LEVEL = "-Onone";
			};
			name = Debug;
		};
		6636244B296FB1B100994ABC /* Release */ = {
			isa = XCBuildConfiguration;
			buildSettings = {
				ALWAYS_SEARCH_USER_PATHS = NO;
				CLANG_ANALYZER_NONNULL = YES;
				CLANG_ANALYZER_NUMBER_OBJECT_CONVERSION = YES_AGGRESSIVE;
				CLANG_CXX_LANGUAGE_STANDARD = "gnu++20";
				CLANG_ENABLE_MODULES = YES;
				CLANG_ENABLE_OBJC_ARC = YES;
				CLANG_ENABLE_OBJC_WEAK = YES;
				CLANG_WARN_BLOCK_CAPTURE_AUTORELEASING = YES;
				CLANG_WARN_BOOL_CONVERSION = YES;
				CLANG_WARN_COMMA = YES;
				CLANG_WARN_CONSTANT_CONVERSION = YES;
				CLANG_WARN_DEPRECATED_OBJC_IMPLEMENTATIONS = YES;
				CLANG_WARN_DIRECT_OBJC_ISA_USAGE = YES_ERROR;
				CLANG_WARN_DOCUMENTATION_COMMENTS = YES;
				CLANG_WARN_EMPTY_BODY = YES;
				CLANG_WARN_ENUM_CONVERSION = YES;
				CLANG_WARN_INFINITE_RECURSION = YES;
				CLANG_WARN_INT_CONVERSION = YES;
				CLANG_WARN_NON_LITERAL_NULL_CONVERSION = YES;
				CLANG_WARN_OBJC_IMPLICIT_RETAIN_SELF = YES;
				CLANG_WARN_OBJC_LITERAL_CONVERSION = YES;
				CLANG_WARN_OBJC_ROOT_CLASS = YES_ERROR;
				CLANG_WARN_QUOTED_INCLUDE_IN_FRAMEWORK_HEADER = YES;
				CLANG_WARN_RANGE_LOOP_ANALYSIS = YES;
				CLANG_WARN_STRICT_PROTOTYPES = YES;
				CLANG_WARN_SUSPICIOUS_MOVE = YES;
				CLANG_WARN_UNGUARDED_AVAILABILITY = YES_AGGRESSIVE;
				CLANG_WARN_UNREACHABLE_CODE = YES;
				CLANG_WARN__DUPLICATE_METHOD_MATCH = YES;
				COPY_PHASE_STRIP = NO;
				DEBUG_INFORMATION_FORMAT = "dwarf-with-dsym";
				ENABLE_NS_ASSERTIONS = NO;
				ENABLE_STRICT_OBJC_MSGSEND = YES;
				GCC_C_LANGUAGE_STANDARD = gnu11;
				GCC_NO_COMMON_BLOCKS = YES;
				GCC_WARN_64_TO_32_BIT_CONVERSION = YES;
				GCC_WARN_ABOUT_RETURN_TYPE = YES_ERROR;
				GCC_WARN_UNDECLARED_SELECTOR = YES;
				GCC_WARN_UNINITIALIZED_AUTOS = YES_AGGRESSIVE;
				GCC_WARN_UNUSED_FUNCTION = YES;
				GCC_WARN_UNUSED_VARIABLE = YES;
				IPHONEOS_DEPLOYMENT_TARGET = 13.0;
				MTL_ENABLE_DEBUG_INFO = NO;
				MTL_FAST_MATH = YES;
				SDKROOT = iphoneos;
				SWIFT_COMPILATION_MODE = wholemodule;
				SWIFT_OPTIMIZATION_LEVEL = "-O";
				VALIDATE_PRODUCT = YES;
			};
			name = Release;
		};
		6636244D296FB1B100994ABC /* Debug */ = {
			isa = XCBuildConfiguration;
			buildSettings = {
				CODE_SIGN_STYLE = Automatic;
				DEVELOPMENT_TEAM = DTH85SS4GJ;
				IPHONEOS_DEPLOYMENT_TARGET = 13.0;
				OTHER_LDFLAGS = "-ObjC";
				PRODUCT_NAME = "$(TARGET_NAME)";
				SKIP_INSTALL = YES;
				SWIFT_VERSION = 5.0;
				TARGETED_DEVICE_FAMILY = "1,2";
			};
			name = Debug;
		};
		6636244E296FB1B100994ABC /* Release */ = {
			isa = XCBuildConfiguration;
			buildSettings = {
				CODE_SIGN_STYLE = Automatic;
				DEVELOPMENT_TEAM = DTH85SS4GJ;
				IPHONEOS_DEPLOYMENT_TARGET = 13.0;
				OTHER_LDFLAGS = "-ObjC";
				PRODUCT_NAME = "$(TARGET_NAME)";
				SKIP_INSTALL = YES;
				SWIFT_VERSION = 5.0;
				TARGETED_DEVICE_FAMILY = "1,2";
			};
			name = Release;
		};
		6636249E296FE50B00994ABC /* Debug */ = {
			isa = XCBuildConfiguration;
			buildSettings = {
				CODE_SIGN_STYLE = Automatic;
				DEVELOPMENT_TEAM = DTH85SS4GJ;
				PRODUCT_NAME = "$(TARGET_NAME)";
			};
			name = Debug;
		};
		6636249F296FE50B00994ABC /* Release */ = {
			isa = XCBuildConfiguration;
			buildSettings = {
				CODE_SIGN_STYLE = Automatic;
				DEVELOPMENT_TEAM = DTH85SS4GJ;
				PRODUCT_NAME = "$(TARGET_NAME)";
			};
			name = Release;
		};
/* End XCBuildConfiguration section */

/* Begin XCConfigurationList section */
		66362440296FB1B100994ABC /* Build configuration list for PBXProject "HelloWorld" */ = {
			isa = XCConfigurationList;
			buildConfigurations = (
				6636244A296FB1B100994ABC /* Debug */,
				6636244B296FB1B100994ABC /* Release */,
			);
			defaultConfigurationIsVisible = 0;
			defaultConfigurationName = Release;
		};
		6636244C296FB1B100994ABC /* Build configuration list for PBXNativeTarget "HelloWorld" */ = {
			isa = XCConfigurationList;
			buildConfigurations = (
				6636244D296FB1B100994ABC /* Debug */,
				6636244E296FB1B100994ABC /* Release */,
			);
			defaultConfigurationIsVisible = 0;
			defaultConfigurationName = Release;
		};
		6636249D296FE50B00994ABC /* Build configuration list for PBXAggregateTarget "UniversalLib" */ = {
			isa = XCConfigurationList;
			buildConfigurations = (
				6636249E296FE50B00994ABC /* Debug */,
				6636249F296FE50B00994ABC /* Release */,
			);
			defaultConfigurationIsVisible = 0;
			defaultConfigurationName = Release;
		};
/* End XCConfigurationList section */
	};
	rootObject = 6636243D296FB1B100994ABC /* Project object */;
}
